
Microsoft Visual Studio Solution File, Format Version 12.00
# Visual Studio Version 16
VisualStudioVersion = 16.0.30717.126
MinimumVisualStudioVersion = 10.0.40219.1
Project("{FAE04EC0-301F-11D3-BF4B-00C04F79EFBC}") = "Login_Verification", "Login_Verification\Login_Verification.csproj", "{0A2748F6-C4E2-4EEC-A517-AB377EF38AEE}"
EndProject
Global
	GlobalSection(SolutionConfigurationPlatforms) = preSolution
		Debug|Any CPU = Debug|Any CPU
		Release|Any CPU = Release|Any CPU
	EndGlobalSection
	GlobalSection(ProjectConfigurationPlatforms) = postSolution
		{0A2748F6-C4E2-4EEC-A517-AB377EF38AEE}.Debug|Any CPU.ActiveCfg = Debug|Any CPU
		{0A2748F6-C4E2-4EEC-A517-AB377EF38AEE}.Debug|Any CPU.Build.0 = Debug|Any CPU
		{0A2748F6-C4E2-4EEC-A517-AB377EF38AEE}.Release|Any CPU.ActiveCfg = Release|Any CPU
		{0A2748F6-C4E2-4EEC-A517-AB377EF38AEE}.Release|Any CPU.Build.0 = Release|Any CPU
	EndGlobalSection
	GlobalSection(SolutionProperties) = preSolution
		HideSolutionNode = FALSE
	EndGlobalSection
	GlobalSection(ExtensibilityGlobals) = postSolution
		SolutionGuid = {1DD38A52-C6D2-4FBF-A377-70286944D33E}
	EndGlobalSection
EndGlobal
